// !$*UTF8*$!
{
	archiveVersion = 1;
	classes = {
	};
	objectVersion = 46;
	objects = {

/* Begin PBXBuildFile section */
		4E6EE0FE1ADC2CA300C11FF8 /* AppDelegate.swift in Sources */ = {isa = PBXBuildFile; fileRef = 4E6EE0FD1ADC2CA300C11FF8 /* AppDelegate.swift */; };
		4E6EE1001ADC2CA300C11FF8 /* ViewController.swift in Sources */ = {isa = PBXBuildFile; fileRef = 4E6EE0FF1ADC2CA300C11FF8 /* ViewController.swift */; };
		4E6EE1031ADC2CA300C11FF8 /* Main.storyboard in Resources */ = {isa = PBXBuildFile; fileRef = 4E6EE1011ADC2CA300C11FF8 /* Main.storyboard */; };
		4E6EE1051ADC2CA300C11FF8 /* Images.xcassets in Resources */ = {isa = PBXBuildFile; fileRef = 4E6EE1041ADC2CA300C11FF8 /* Images.xcassets */; };
		4E6EE1081ADC2CA300C11FF8 /* LaunchScreen.xib in Resources */ = {isa = PBXBuildFile; fileRef = 4E6EE1061ADC2CA300C11FF8 /* LaunchScreen.xib */; };
		4E6EE1141ADC2CA400C11FF8 /* tipsTests.swift in Sources */ = {isa = PBXBuildFile; fileRef = 4E6EE1131ADC2CA400C11FF8 /* tipsTests.swift */; };
/* End PBXBuildFile section */

/* Begin PBXContainerItemProxy section */
		4E6EE10E1ADC2CA400C11FF8 /* PBXContainerItemProxy */ = {
			isa = PBXContainerItemProxy;
			containerPortal = 4E6EE0F01ADC2CA300C11FF8 /* Project object */;
			proxyType = 1;
			remoteGlobalIDString = 4E6EE0F71ADC2CA300C11FF8;
			remoteInfo = tips;
		};
/* End PBXContainerItemProxy section */

/* Begin PBXFileReference section */
		4E6EE0F81ADC2CA300C11FF8 /* tips.app */ = {isa = PBXFileReference; explicitFileType = wrapper.application; includeInIndex = 0; path = tips.app; sourceTree = BUILT_PRODUCTS_DIR; };
		4E6EE0FC1ADC2CA300C11FF8 /* Info.plist */ = {isa = PBXFileReference; lastKnownFileType = text.plist.xml; path = Info.plist; sourceTree = "<group>"; };
		4E6EE0FD1ADC2CA300C11FF8 /* AppDelegate.swift */ = {isa = PBXFileReference; lastKnownFileType = sourcecode.swift; path = AppDelegate.swift; sourceTree = "<group>"; };
		4E6EE0FF1ADC2CA300C11FF8 /* ViewController.swift */ = {isa = PBXFileReference; lastKnownFileType = sourcecode.swift; path = ViewController.swift; sourceTree = "<group>"; };
		4E6EE1021ADC2CA300C11FF8 /* Base */ = {isa = PBXFileReference; lastKnownFileType = file.storyboard; name = Base; path = Base.lproj/Main.storyboard; sourceTree = "<group>"; };
		4E6EE1041ADC2CA300C11FF8 /* Images.xcassets */ = {isa = PBXFileReference; lastKnownFileType = folder.assetcatalog; path = Images.xcassets; sourceTree = "<group>"; };
		4E6EE1071ADC2CA300C11FF8 /* Base */ = {isa = PBXFileReference; lastKnownFileType = file.xib; name = Base; path = Base.lproj/LaunchScreen.xib; sourceTree = "<group>"; };
		4E6EE10D1ADC2CA400C11FF8 /* tipsTests.xctest */ = {isa = PBXFileReference; explicitFileType = wrapper.cfbundle; includeInIndex = 0; path = tipsTests.xctest; sourceTree = BUILT_PRODUCTS_DIR; };
		4E6EE1121ADC2CA400C11FF8 /* Info.plist */ = {isa = PBXFileReference; lastKnownFileType = text.plist.xml; path = Info.plist; sourceTree = "<group>"; };
		4E6EE1131ADC2CA400C11FF8 /* tipsTests.swift */ = {isa = PBXFileReference; lastKnownFileType = sourcecode.swift; path = tipsTests.swift; sourceTree = "<group>"; };
/* End PBXFileReference section */

/* Begin PBXFrameworksBuildPhase section */
		4E6EE0F51ADC2CA300C11FF8 /* Frameworks */ = {
			isa = PBXFrameworksBuildPhase;
			buildActionMask = 2147483647;
			files = (
			);
			runOnlyForDeploymentPostprocessing = 0;
		};
		4E6EE10A1ADC2CA400C11FF8 /* Frameworks */ = {
			isa = PBXFrameworksBuildPhase;
			buildActionMask = 2147483647;
			files = (
			);
			runOnlyForDeploymentPostprocessing = 0;
		};
/* End PBXFrameworksBuildPhase section */

/* Begin PBXGroup section */
		4E6EE0EF1ADC2CA300C11FF8 = {
			isa = PBXGroup;
			children = (
				4E6EE0FA1ADC2CA300C11FF8 /* tips */,
				4E6EE1101ADC2CA400C11FF8 /* tipsTests */,
				4E6EE0F91ADC2CA300C11FF8 /* Products */,
			);
			sourceTree = "<group>";
		};
		4E6EE0F91ADC2CA300C11FF8 /* Products */ = {
			isa = PBXGroup;
			children = (
				4E6EE0F81ADC2CA300C11FF8 /* tips.app */,
				4E6EE10D1ADC2CA400C11FF8 /* tipsTests.xctest */,
			);
			name = Products;
			sourceTree = "<group>";
		};
		4E6EE0FA1ADC2CA300C11FF8 /* tips */ = {
			isa = PBXGroup;
			children = (
				4E6EE0FD1ADC2CA300C11FF8 /* AppDelegate.swift */,
				4E6EE0FF1ADC2CA300C11FF8 /* ViewController.swift */,
				4E6EE1011ADC2CA300C11FF8 /* Main.storyboard */,
				4E6EE1041ADC2CA300C11FF8 /* Images.xcassets */,
				4E6EE1061ADC2CA300C11FF8 /* LaunchScreen.xib */,
				4E6EE0FB1ADC2CA300C11FF8 /* Supporting Files */,
			);
			path = tips;
			sourceTree = "<group>";
		};
		4E6EE0FB1ADC2CA300C11FF8 /* Supporting Files */ = {
			isa = PBXGroup;
			children = (
				4E6EE0FC1ADC2CA300C11FF8 /* Info.plist */,
			);
			name = "Supporting Files";
			sourceTree = "<group>";
		};
		4E6EE1101ADC2CA400C11FF8 /* tipsTests */ = {
			isa = PBXGroup;
			children = (
				4E6EE1131ADC2CA400C11FF8 /* tipsTests.swift */,
				4E6EE1111ADC2CA400C11FF8 /* Supporting Files */,
			);
			path = tipsTests;
			sourceTree = "<group>";
		};
		4E6EE1111ADC2CA400C11FF8 /* Supporting Files */ = {
			isa = PBXGroup;
			children = (
				4E6EE1121ADC2CA400C11FF8 /* Info.plist */,
			);
			name = "Supporting Files";
			sourceTree = "<group>";
		};
/* End PBXGroup section */

/* Begin PBXNativeTarget section */
		4E6EE0F71ADC2CA300C11FF8 /* tips */ = {
			isa = PBXNativeTarget;
			buildConfigurationList = 4E6EE1171ADC2CA400C11FF8 /* Build configuration list for PBXNativeTarget "tips" */;
			buildPhases = (
				4E6EE0F41ADC2CA300C11FF8 /* Sources */,
				4E6EE0F51ADC2CA300C11FF8 /* Frameworks */,
				4E6EE0F61ADC2CA300C11FF8 /* Resources */,
			);
			buildRules = (
			);
			dependencies = (
			);
			name = tips;
			productName = tips;
			productReference = 4E6EE0F81ADC2CA300C11FF8 /* tips.app */;
			productType = "com.apple.product-type.application";
		};
		4E6EE10C1ADC2CA400C11FF8 /* tipsTests */ = {
			isa = PBXNativeTarget;
			buildConfigurationList = 4E6EE11A1ADC2CA400C11FF8 /* Build configuration list for PBXNativeTarget "tipsTests" */;
			buildPhases = (
				4E6EE1091ADC2CA400C11FF8 /* Sources */,
				4E6EE10A1ADC2CA400C11FF8 /* Frameworks */,
				4E6EE10B1ADC2CA400C11FF8 /* Resources */,
			);
			buildRules = (
			);
			dependencies = (
				4E6EE10F1ADC2CA400C11FF8 /* PBXTargetDependency */,
			);
			name = tipsTests;
			productName = tipsTests;
			productReference = 4E6EE10D1ADC2CA400C11FF8 /* tipsTests.xctest */;
			productType = "com.apple.product-type.bundle.unit-test";
		};
/* End PBXNativeTarget section */

/* Begin PBXProject section */
		4E6EE0F01ADC2CA300C11FF8 /* Project object */ = {
			isa = PBXProject;
			attributes = {
				LastUpgradeCheck = 0620;
				ORGANIZATIONNAME = MS;
				TargetAttributes = {
					4E6EE0F71ADC2CA300C11FF8 = {
						CreatedOnToolsVersion = 6.2;
					};
					4E6EE10C1ADC2CA400C11FF8 = {
						CreatedOnToolsVersion = 6.2;
						TestTargetID = 4E6EE0F71ADC2CA300C11FF8;
					};
				};
			};
			buildConfigurationList = 4E6EE0F31ADC2CA300C11FF8 /* Build configuration list for PBXProject "tips" */;
			compatibilityVersion = "Xcode 3.2";
			developmentRegion = English;
			hasScannedForEncodings = 0;
			knownRegions = (
				en,
				Base,
			);
			mainGroup = 4E6EE0EF1ADC2CA300C11FF8;
			productRefGroup = 4E6EE0F91ADC2CA300C11FF8 /* Products */;
			projectDirPath = "";
			projectRoot = "";
			targets = (
				4E6EE0F71ADC2CA300C11FF8 /* tips */,
				4E6EE10C1ADC2CA400C11FF8 /* tipsTests */,
			);
		};
/* End PBXProject section */

/* Begin PBXResourcesBuildPhase section */
		4E6EE0F61ADC2CA300C11FF8 /* Resources */ = {
			isa = PBXResourcesBuildPhase;
			buildActionMask = 2147483647;
			files = (
				4E6EE1031ADC2CA300C11FF8 /* Main.storyboard in Resources */,
				4E6EE1081ADC2CA300C11FF8 /* LaunchScreen.xib in Resources */,
				4E6EE1051ADC2CA300C11FF8 /* Images.xcassets in Resources */,
			);
			runOnlyForDeploymentPostprocessing = 0;
		};
		4E6EE10B1ADC2CA400C11FF8 /* Resources */ = {
			isa = PBXResourcesBuildPhase;
			buildActionMask = 2147483647;
			files = (
			);
			runOnlyForDeploymentPostprocessing = 0;
		};
/* End PBXResourcesBuildPhase section */

/* Begin PBXSourcesBuildPhase section */
		4E6EE0F41ADC2CA300C11FF8 /* Sources */ = {
			isa = PBXSourcesBuildPhase;
			buildActionMask = 2147483647;
			files = (
				4E6EE1001ADC2CA300C11FF8 /* ViewController.swift in Sources */,
				4E6EE0FE1ADC2CA300C11FF8 /* AppDelegate.swift in Sources */,
			);
			runOnlyForDeploymentPostprocessing = 0;
		};
		4E6EE1091ADC2CA400C11FF8 /* Sources */ = {
			isa = PBXSourcesBuildPhase;
			buildActionMask = 2147483647;
			files = (
				4E6EE1141ADC2CA400C11FF8 /* tipsTests.swift in Sources */,
			);
			runOnlyForDeploymentPostprocessing = 0;
		};
/* End PBXSourcesBuildPhase section */

/* Begin PBXTargetDependency section */
		4E6EE10F1ADC2CA400C11FF8 /* PBXTargetDependency */ = {
			isa = PBXTargetDependency;
			target = 4E6EE0F71ADC2CA300C11FF8 /* tips */;
			targetProxy = 4E6EE10E1ADC2CA400C11FF8 /* PBXContainerItemProxy */;
		};
/* End PBXTargetDependency section */

/* Begin PBXVariantGroup section */
		4E6EE1011ADC2CA300C11FF8 /* Main.storyboard */ = {
			isa = PBXVariantGroup;
			children = (
				4E6EE1021ADC2CA300C11FF8 /* Base */,
			);
			name = Main.storyboard;
			sourceTree = "<group>";
		};
		4E6EE1061ADC2CA300C11FF8 /* LaunchScreen.xib */ = {
			isa = PBXVariantGroup;
			children = (
				4E6EE1071ADC2CA300C11FF8 /* Base */,
			);
			name = LaunchScreen.xib;
			sourceTree = "<group>";
		};
/* End PBXVariantGroup section */

/* Begin XCBuildConfiguration section */
		4E6EE1151ADC2CA400C11FF8 /* Debug */ = {
			isa = XCBuildConfiguration;
			buildSettings = {
				ALWAYS_SEARCH_USER_PATHS = NO;
				CLANG_CXX_LANGUAGE_STANDARD = "gnu++0x";
				CLANG_CXX_LIBRARY = "libc++";
				CLANG_ENABLE_MODULES = YES;
				CLANG_ENABLE_OBJC_ARC = YES;
				CLANG_WARN_BOOL_CONVERSION = YES;
				CLANG_WARN_CONSTANT_CONVERSION = YES;
				CLANG_WARN_DIRECT_OBJC_ISA_USAGE = YES_ERROR;
				CLANG_WARN_EMPTY_BODY = YES;
				CLANG_WARN_ENUM_CONVERSION = YES;
				CLANG_WARN_INT_CONVERSION = YES;
				CLANG_WARN_OBJC_ROOT_CLASS = YES_ERROR;
				CLANG_WARN_UNREACHABLE_CODE = YES;
				CLANG_WARN__DUPLICATE_METHOD_MATCH = YES;
				"CODE_SIGN_IDENTITY[sdk=iphoneos*]" = "iPhone Developer";
				COPY_PHASE_STRIP = NO;
				ENABLE_STRICT_OBJC_MSGSEND = YES;
				GCC_C_LANGUAGE_STANDARD = gnu99;
				GCC_DYNAMIC_NO_PIC = NO;
				GCC_OPTIMIZATION_LEVEL = 0;
				GCC_PREPROCESSOR_DEFINITIONS = (
					"DEBUG=1",
					"$(inherited)",
				);
				GCC_SYMBOLS_PRIVATE_EXTERN = NO;
				GCC_WARN_64_TO_32_BIT_CONVERSION = YES;
				GCC_WARN_ABOUT_RETURN_TYPE = YES_ERROR;
				GCC_WARN_UNDECLARED_SELECTOR = YES;
				GCC_WARN_UNINITIALIZED_AUTOS = YES_AGGRESSIVE;
				GCC_WARN_UNUSED_FUNCTION = YES;
				GCC_WARN_UNUSED_VARIABLE = YES;
				IPHONEOS_DEPLOYMENT_TARGET = 8.2;
				MTL_ENABLE_DEBUG_INFO = YES;
				ONLY_ACTIVE_ARCH = YES;
				SDKROOT = iphoneos;
				SWIFT_OPTIMIZATION_LEVEL = "-Onone";
			};
			name = Debug;
		};
		4E6EE1161ADC2CA400C11FF8 /* Release */ = {
			isa = XCBuildConfiguration;
			buildSettings = {
				ALWAYS_SEARCH_USER_PATHS = NO;
				CLANG_CXX_LANGUAGE_STANDARD = "gnu++0x";
				CLANG_CXX_LIBRARY = "libc++";
				CLANG_ENABLE_MODULES = YES;
				CLANG_ENABLE_OBJC_ARC = YES;
				CLANG_WARN_BOOL_CONVERSION = YES;
				CLANG_WARN_CONSTANT_CONVERSION = YES;
				CLANG_WARN_DIRECT_OBJC_ISA_USAGE = YES_ERROR;
				CLANG_WARN_EMPTY_BODY = YES;
				CLANG_WARN_ENUM_CONVERSION = YES;
				CLANG_WARN_INT_CONVERSION = YES;
				CLANG_WARN_OBJC_ROOT_CLASS = YES_ERROR;
				CLANG_WARN_UNREACHABLE_CODE = YES;
				CLANG_WARN__DUPLICATE_METHOD_MATCH = YES;
				"CODE_SIGN_IDENTITY[sdk=iphoneos*]" = "iPhone Developer";
				COPY_PHASE_STRIP = NO;
				ENABLE_NS_ASSERTIONS = NO;
				ENABLE_STRICT_OBJC_MSGSEND = YES;
				GCC_C_LANGUAGE_STANDARD = gnu99;
				GCC_WARN_64_TO_32_BIT_CONVERSION = YES;
				GCC_WARN_ABOUT_RETURN_TYPE = YES_ERROR;
				GCC_WARN_UNDECLARED_SELECTOR = YES;
				GCC_WARN_UNINITIALIZED_AUTOS = YES_AGGRESSIVE;
				GCC_WARN_UNUSED_FUNCTION = YES;
				GCC_WARN_UNUSED_VARIABLE = YES;
				IPHONEOS_DEPLOYMENT_TARGET = 8.2;
				MTL_ENABLE_DEBUG_INFO = NO;
				SDKROOT = iphoneos;
				VALIDATE_PRODUCT = YES;
			};
			name = Release;
		};
		4E6EE1181ADC2CA400C11FF8 /* Debug */ = {
			isa = XCBuildConfiguration;
			buildSettings = {
				ASSETCATALOG_COMPILER_APPICON_NAME = AppIcon;
				INFOPLIST_FILE = tips/Info.plist;
				LD_RUNPATH_SEARCH_PATHS = "$(inherited) @executable_path/Frameworks";
				PRODUCT_NAME = "$(TARGET_NAME)";
			};
			name = Debug;
		};
		4E6EE1191ADC2CA400C11FF8 /* Release */ = {
			isa = XCBuildConfiguration;
			buildSettings = {
				ASSETCATALOG_COMPILER_APPICON_NAME = AppIcon;
				INFOPLIST_FILE = tips/Info.plist;
				LD_RUNPATH_SEARCH_PATHS = "$(inherited) @executable_path/Frameworks";
				PRODUCT_NAME = "$(TARGET_NAME)";
			};
			name = Release;
		};
		4E6EE11B1ADC2CA400C11FF8 /* Debug */ = {
			isa = XCBuildConfiguration;
			buildSettings = {
				BUNDLE_LOADER = "$(TEST_HOST)";
				FRAMEWORK_SEARCH_PATHS = (
					"$(SDKROOT)/Developer/Library/Frameworks",
					"$(inherited)",
				);
				GCC_PREPROCESSOR_DEFINITIONS = (
					"DEBUG=1",
					"$(inherited)",
				);
				INFOPLIST_FILE = tipsTests/Info.plist;
				LD_RUNPATH_SEARCH_PATHS = "$(inherited) @executable_path/Frameworks @loader_path/Frameworks";
				PRODUCT_NAME = "$(TARGET_NAME)";
				TEST_HOST = "$(BUILT_PRODUCTS_DIR)/tips.app/tips";
			};
			name = Debug;
		};
		4E6EE11C1ADC2CA400C11FF8 /* Release */ = {
			isa = XCBuildConfiguration;
			buildSettings = {
				BUNDLE_LOADER = "$(TEST_HOST)";
				FRAMEWORK_SEARCH_PATHS = (
					"$(SDKROOT)/Developer/Library/Frameworks",
					"$(inherited)",
				);
				INFOPLIST_FILE = tipsTests/Info.plist;
				LD_RUNPATH_SEARCH_PATHS = "$(inherited) @executable_path/Frameworks @loader_path/Frameworks";
				PRODUCT_NAME = "$(TARGET_NAME)";
				TEST_HOST = "$(BUILT_PRODUCTS_DIR)/tips.app/tips";
			};
			name = Release;
		};
/* End XCBuildConfiguration section */

/* Begin XCConfigurationList section */
		4E6EE0F31ADC2CA300C11FF8 /* Build configuration list for PBXProject "tips" */ = {
			isa = XCConfigurationList;
			buildConfigurations = (
				4E6EE1151ADC2CA400C11FF8 /* Debug */,
				4E6EE1161ADC2CA400C11FF8 /* Release */,
			);
			defaultConfigurationIsVisible = 0;
			defaultConfigurationName = Release;
		};
		4E6EE1171ADC2CA400C11FF8 /* Build configuration list for PBXNativeTarget "tips" */ = {
			isa = XCConfigurationList;
			buildConfigurations = (
				4E6EE1181ADC2CA400C11FF8 /* Debug */,
				4E6EE1191ADC2CA400C11FF8 /* Release */,
			);
			defaultConfigurationIsVisible = 0;
		};
		4E6EE11A1ADC2CA400C11FF8 /* Build configuration list for PBXNativeTarget "tipsTests" */ = {
			isa = XCConfigurationList;
			buildConfigurations = (
				4E6EE11B1ADC2CA400C11FF8 /* Debug */,
				4E6EE11C1ADC2CA400C11FF8 /* Release */,
			);
			defaultConfigurationIsVisible = 0;
		};
/* End XCConfigurationList section */
	};
	rootObject = 4E6EE0F01ADC2CA300C11FF8 /* Project object */;
}
